
Microsoft Visual Studio Solution File, Format Version 12.00
# Visual Studio 15
VisualStudioVersion = 15.0.28307.168
MinimumVisualStudioVersion = 10.0.40219.1
Project("{FAE04EC0-301F-11D3-BF4B-00C04F79EFBC}") = "Git Teste 02", "Git Teste 02\Git Teste 02.csproj", "{D0467A89-50A1-44B0-BC20-448C7FC24C96}"
EndProject
Global
	GlobalSection(SolutionConfigurationPlatforms) = preSolution
		Debug|Any CPU = Debug|Any CPU
		Release|Any CPU = Release|Any CPU
	EndGlobalSection
	GlobalSection(ProjectConfigurationPlatforms) = postSolution
		{D0467A89-50A1-44B0-BC20-448C7FC24C96}.Debug|Any CPU.ActiveCfg = Debug|Any CPU
		{D0467A89-50A1-44B0-BC20-448C7FC24C96}.Debug|Any CPU.Build.0 = Debug|Any CPU
		{D0467A89-50A1-44B0-BC20-448C7FC24C96}.Release|Any CPU.ActiveCfg = Release|Any CPU
		{D0467A89-50A1-44B0-BC20-448C7FC24C96}.Release|Any CPU.Build.0 = Release|Any CPU
	EndGlobalSection
	GlobalSection(SolutionProperties) = preSolution
		HideSolutionNode = FALSE
	EndGlobalSection
	GlobalSection(ExtensibilityGlobals) = postSolution
		SolutionGuid = {52F3D582-F06A-4C03-99EC-C37777A135D1}
	EndGlobalSection
EndGlobal
